
Microsoft Visual Studio Solution File, Format Version 12.00
# Visual Studio 15
VisualStudioVersion = 15.0.28010.2026
MinimumVisualStudioVersion = 10.0.40219.1
Project("{FAE04EC0-301F-11D3-BF4B-00C04F79EFBC}") = "PPE_Manitou", "PPE_Manitou\PPE_Manitou.csproj", "{7284389A-8A2E-47DB-B417-54E78807DE6C}"
EndProject
Global
	GlobalSection(SolutionConfigurationPlatforms) = preSolution
		Debug|Any CPU = Debug|Any CPU
		Release|Any CPU = Release|Any CPU
	EndGlobalSection
	GlobalSection(ProjectConfigurationPlatforms) = postSolution
		{7284389A-8A2E-47DB-B417-54E78807DE6C}.Debug|Any CPU.ActiveCfg = Debug|Any CPU
		{7284389A-8A2E-47DB-B417-54E78807DE6C}.Debug|Any CPU.Build.0 = Debug|Any CPU
		{7284389A-8A2E-47DB-B417-54E78807DE6C}.Release|Any CPU.ActiveCfg = Release|Any CPU
		{7284389A-8A2E-47DB-B417-54E78807DE6C}.Release|Any CPU.Build.0 = Release|Any CPU
	EndGlobalSection
	GlobalSection(SolutionProperties) = preSolution
		HideSolutionNode = FALSE
	EndGlobalSection
	GlobalSection(ExtensibilityGlobals) = postSolution
		SolutionGuid = {1D5A8EF2-CF0B-40A0-99FA-7A144D9993FC}
	EndGlobalSection
EndGlobal
